
Microsoft Visual Studio Solution File, Format Version 12.00
# Visual Studio Version 17
VisualStudioVersion = 17.4.33213.308
MinimumVisualStudioVersion = 10.0.40219.1
Project("{FAE04EC0-301F-11D3-BF4B-00C04F79EFBC}") = "MediatorWithoutMediatr", "MediatorWithoutMediatr\MediatorWithoutMediatr.csproj", "{B4590CD0-B025-4AC0-B720-B1F02D13C2D8}"
EndProject
Global
	GlobalSection(SolutionConfigurationPlatforms) = preSolution
		Debug|Any CPU = Debug|Any CPU
		Release|Any CPU = Release|Any CPU
	EndGlobalSection
	GlobalSection(ProjectConfigurationPlatforms) = postSolution
		{B4590CD0-B025-4AC0-B720-B1F02D13C2D8}.Debug|Any CPU.ActiveCfg = Debug|Any CPU
		{B4590CD0-B025-4AC0-B720-B1F02D13C2D8}.Debug|Any CPU.Build.0 = Debug|Any CPU
		{B4590CD0-B025-4AC0-B720-B1F02D13C2D8}.Release|Any CPU.ActiveCfg = Release|Any CPU
		{B4590CD0-B025-4AC0-B720-B1F02D13C2D8}.Release|Any CPU.Build.0 = Release|Any CPU
	EndGlobalSection
	GlobalSection(SolutionProperties) = preSolution
		HideSolutionNode = FALSE
	EndGlobalSection
	GlobalSection(ExtensibilityGlobals) = postSolution
		SolutionGuid = {C5B192B6-5F50-40CD-9D1D-43BB2942B42B}
	EndGlobalSection
EndGlobal
